
Microsoft Visual Studio Solution File, Format Version 12.00
# Visual Studio Version 17
VisualStudioVersion = 17.11.35327.3
MinimumVisualStudioVersion = 10.0.40219.1
Project("{FAE04EC0-301F-11D3-BF4B-00C04F79EFBC}") = "CRUDMedicoPersonalizado", "CRUDMedicoPersonalizado\CRUDMedicoPersonalizado.csproj", "{253CF006-56AD-445A-A65C-8864A78FAE39}"
EndProject
Global
	GlobalSection(SolutionConfigurationPlatforms) = preSolution
		Debug|Any CPU = Debug|Any CPU
		Release|Any CPU = Release|Any CPU
	EndGlobalSection
	GlobalSection(ProjectConfigurationPlatforms) = postSolution
		{253CF006-56AD-445A-A65C-8864A78FAE39}.Debug|Any CPU.ActiveCfg = Debug|Any CPU
		{253CF006-56AD-445A-A65C-8864A78FAE39}.Debug|Any CPU.Build.0 = Debug|Any CPU
		{253CF006-56AD-445A-A65C-8864A78FAE39}.Release|Any CPU.ActiveCfg = Release|Any CPU
		{253CF006-56AD-445A-A65C-8864A78FAE39}.Release|Any CPU.Build.0 = Release|Any CPU
	EndGlobalSection
	GlobalSection(SolutionProperties) = preSolution
		HideSolutionNode = FALSE
	EndGlobalSection
	GlobalSection(ExtensibilityGlobals) = postSolution
		SolutionGuid = {E5DAFE63-2429-4B61-9EEA-1C74E76459D2}
	EndGlobalSection
EndGlobal
